// !$*UTF8*$!
{
	archiveVersion = 1;
	classes = {
	};
	objectVersion = 51;
	objects = {

/* Begin PBXBuildFile section */
		49443F1B2520CA9E00D00A85 /* 2.png in Resources */ = {isa = PBXBuildFile; fileRef = 49443F182520CA9D00D00A85 /* 2.png */; };
		49443F1C2520CA9E00D00A85 /* 1.png in Resources */ = {isa = PBXBuildFile; fileRef = 49443F192520CA9E00D00A85 /* 1.png */; };
		49443F1D2520CA9E00D00A85 /* 3.png in Resources */ = {isa = PBXBuildFile; fileRef = 49443F1A2520CA9E00D00A85 /* 3.png */; };
		49850D9F24FABA9B007BF042 /* ParallelPromises.swift in Sources */ = {isa = PBXBuildFile; fileRef = 49850D9E24FABA9B007BF042 /* ParallelPromises.swift */; };
		49850DA124FABAC1007BF042 /* ChainingPromises.swift in Sources */ = {isa = PBXBuildFile; fileRef = 49850DA024FABAC1007BF042 /* ChainingPromises.swift */; };
		49F4EBA624F87C0700642350 /* AppDelegate.swift in Sources */ = {isa = PBXBuildFile; fileRef = 49F4EBA524F87C0700642350 /* AppDelegate.swift */; };
		49F4EBA824F87C0700642350 /* SceneDelegate.swift in Sources */ = {isa = PBXBuildFile; fileRef = 49F4EBA724F87C0700642350 /* SceneDelegate.swift */; };
		49F4EBAA24F87C0700642350 /* SinglePromise.swift in Sources */ = {isa = PBXBuildFile; fileRef = 49F4EBA924F87C0700642350 /* SinglePromise.swift */; };
		49F4EBAF24F87C0A00642350 /* Assets.xcassets in Resources */ = {isa = PBXBuildFile; fileRef = 49F4EBAE24F87C0A00642350 /* Assets.xcassets */; };
		49F4EBB224F87C0A00642350 /* LaunchScreen.storyboard in Resources */ = {isa = PBXBuildFile; fileRef = 49F4EBB024F87C0A00642350 /* LaunchScreen.storyboard */; };
		49F4EBBC24F87C1D00642350 /* CountriesModel.swift in Sources */ = {isa = PBXBuildFile; fileRef = 49F4EBBA24F87C1C00642350 /* CountriesModel.swift */; };
		49F4EBBD24F87C1D00642350 /* TodosModel.swift in Sources */ = {isa = PBXBuildFile; fileRef = 49F4EBBB24F87C1C00642350 /* TodosModel.swift */; };
		49F4EBC024F87C2900642350 /* NetworkRequests.swift in Sources */ = {isa = PBXBuildFile; fileRef = 49F4EBBF24F87C2900642350 /* NetworkRequests.swift */; };
		49F4EBC224F87D2300642350 /* Main.storyboard in Resources */ = {isa = PBXBuildFile; fileRef = 49F4EBC124F87D2300642350 /* Main.storyboard */; };
		50933A6008B3D7B6899608FA /* Pods_Promises_Demo.framework in Frameworks */ = {isa = PBXBuildFile; fileRef = 8D247C8A41FFA74228F1585D /* Pods_Promises_Demo.framework */; };
/* End PBXBuildFile section */

/* Begin PBXFileReference section */
		1C8FEE927F1F4C5FD99966D0 /* Pods-Promises-Demo.debug.xcconfig */ = {isa = PBXFileReference; includeInIndex = 1; lastKnownFileType = text.xcconfig; name = "Pods-Promises-Demo.debug.xcconfig"; path = "Target Support Files/Pods-Promises-Demo/Pods-Promises-Demo.debug.xcconfig"; sourceTree = "<group>"; };
		49443F182520CA9D00D00A85 /* 2.png */ = {isa = PBXFileReference; lastKnownFileType = image.png; path = 2.png; sourceTree = "<group>"; };
		49443F192520CA9E00D00A85 /* 1.png */ = {isa = PBXFileReference; lastKnownFileType = image.png; path = 1.png; sourceTree = "<group>"; };
		49443F1A2520CA9E00D00A85 /* 3.png */ = {isa = PBXFileReference; lastKnownFileType = image.png; path = 3.png; sourceTree = "<group>"; };
		49850D9E24FABA9B007BF042 /* ParallelPromises.swift */ = {isa = PBXFileReference; lastKnownFileType = sourcecode.swift; path = ParallelPromises.swift; sourceTree = "<group>"; };
		49850DA024FABAC1007BF042 /* ChainingPromises.swift */ = {isa = PBXFileReference; lastKnownFileType = sourcecode.swift; path = ChainingPromises.swift; sourceTree = "<group>"; };
		49F4EBA224F87C0700642350 /* Promises-Demo.app */ = {isa = PBXFileReference; explicitFileType = wrapper.application; includeInIndex = 0; path = "Promises-Demo.app"; sourceTree = BUILT_PRODUCTS_DIR; };
		49F4EBA524F87C0700642350 /* AppDelegate.swift */ = {isa = PBXFileReference; lastKnownFileType = sourcecode.swift; path = AppDelegate.swift; sourceTree = "<group>"; };
		49F4EBA724F87C0700642350 /* SceneDelegate.swift */ = {isa = PBXFileReference; lastKnownFileType = sourcecode.swift; path = SceneDelegate.swift; sourceTree = "<group>"; };
		49F4EBA924F87C0700642350 /* SinglePromise.swift */ = {isa = PBXFileReference; lastKnownFileType = sourcecode.swift; path = SinglePromise.swift; sourceTree = "<group>"; };
		49F4EBAE24F87C0A00642350 /* Assets.xcassets */ = {isa = PBXFileReference; lastKnownFileType = folder.assetcatalog; path = Assets.xcassets; sourceTree = "<group>"; };
		49F4EBB124F87C0A00642350 /* Base */ = {isa = PBXFileReference; lastKnownFileType = file.storyboard; name = Base; path = Base.lproj/LaunchScreen.storyboard; sourceTree = "<group>"; };
		49F4EBB324F87C0A00642350 /* Info.plist */ = {isa = PBXFileReference; lastKnownFileType = text.plist.xml; path = Info.plist; sourceTree = "<group>"; };
		49F4EBBA24F87C1C00642350 /* CountriesModel.swift */ = {isa = PBXFileReference; fileEncoding = 4; lastKnownFileType = sourcecode.swift; path = CountriesModel.swift; sourceTree = "<group>"; };
		49F4EBBB24F87C1C00642350 /* TodosModel.swift */ = {isa = PBXFileReference; fileEncoding = 4; lastKnownFileType = sourcecode.swift; path = TodosModel.swift; sourceTree = "<group>"; };
		49F4EBBF24F87C2900642350 /* NetworkRequests.swift */ = {isa = PBXFileReference; fileEncoding = 4; lastKnownFileType = sourcecode.swift; path = NetworkRequests.swift; sourceTree = "<group>"; };
		49F4EBC124F87D2300642350 /* Main.storyboard */ = {isa = PBXFileReference; fileEncoding = 4; lastKnownFileType = file.storyboard; path = Main.storyboard; sourceTree = "<group>"; };
		8D247C8A41FFA74228F1585D /* Pods_Promises_Demo.framework */ = {isa = PBXFileReference; explicitFileType = wrapper.framework; includeInIndex = 0; path = Pods_Promises_Demo.framework; sourceTree = BUILT_PRODUCTS_DIR; };
		B97932EF748627FCDD1722A5 /* Pods-Promises-Demo.release.xcconfig */ = {isa = PBXFileReference; includeInIndex = 1; lastKnownFileType = text.xcconfig; name = "Pods-Promises-Demo.release.xcconfig"; path = "Target Support Files/Pods-Promises-Demo/Pods-Promises-Demo.release.xcconfig"; sourceTree = "<group>"; };
/* End PBXFileReference section */

/* Begin PBXFrameworksBuildPhase section */
		49F4EB9F24F87C0700642350 /* Frameworks */ = {
			isa = PBXFrameworksBuildPhase;
			buildActionMask = 2147483647;
			files = (
				50933A6008B3D7B6899608FA /* Pods_Promises_Demo.framework in Frameworks */,
			);
			runOnlyForDeploymentPostprocessing = 0;
		};
/* End PBXFrameworksBuildPhase section */

/* Begin PBXGroup section */
		4133874B7BBA4217C8A32621 /* Pods */ = {
			isa = PBXGroup;
			children = (
				1C8FEE927F1F4C5FD99966D0 /* Pods-Promises-Demo.debug.xcconfig */,
				B97932EF748627FCDD1722A5 /* Pods-Promises-Demo.release.xcconfig */,
			);
			path = Pods;
			sourceTree = "<group>";
		};
		44C85EFE900E82AB537D14F7 /* Frameworks */ = {
			isa = PBXGroup;
			children = (
				8D247C8A41FFA74228F1585D /* Pods_Promises_Demo.framework */,
			);
			name = Frameworks;
			sourceTree = "<group>";
		};
		49F4EB9924F87C0700642350 = {
			isa = PBXGroup;
			children = (
				49F4EBA424F87C0700642350 /* Promises-Demo */,
				49F4EBA324F87C0700642350 /* Products */,
				4133874B7BBA4217C8A32621 /* Pods */,
				44C85EFE900E82AB537D14F7 /* Frameworks */,
			);
			sourceTree = "<group>";
		};
		49F4EBA324F87C0700642350 /* Products */ = {
			isa = PBXGroup;
			children = (
				49F4EBA224F87C0700642350 /* Promises-Demo.app */,
			);
			name = Products;
			sourceTree = "<group>";
		};
		49F4EBA424F87C0700642350 /* Promises-Demo */ = {
			isa = PBXGroup;
			children = (
				49F4EBB924F87C1C00642350 /* Model */,
				49F4EBBE24F87C2900642350 /* Networking */,
				49F4EBA524F87C0700642350 /* AppDelegate.swift */,
				49F4EBA724F87C0700642350 /* SceneDelegate.swift */,
				49F4EBA924F87C0700642350 /* SinglePromise.swift */,
				49850D9E24FABA9B007BF042 /* ParallelPromises.swift */,
				49850DA024FABAC1007BF042 /* ChainingPromises.swift */,
				49F4EBAE24F87C0A00642350 /* Assets.xcassets */,
				49F4EBC124F87D2300642350 /* Main.storyboard */,
				49F4EBB024F87C0A00642350 /* LaunchScreen.storyboard */,
				49443F192520CA9E00D00A85 /* 1.png */,
				49443F182520CA9D00D00A85 /* 2.png */,
				49443F1A2520CA9E00D00A85 /* 3.png */,
				49F4EBB324F87C0A00642350 /* Info.plist */,
			);
			path = "Promises-Demo";
			sourceTree = "<group>";
		};
		49F4EBB924F87C1C00642350 /* Model */ = {
			isa = PBXGroup;
			children = (
				49F4EBBA24F87C1C00642350 /* CountriesModel.swift */,
				49F4EBBB24F87C1C00642350 /* TodosModel.swift */,
			);
			path = Model;
			sourceTree = "<group>";
		};
		49F4EBBE24F87C2900642350 /* Networking */ = {
			isa = PBXGroup;
			children = (
				49F4EBBF24F87C2900642350 /* NetworkRequests.swift */,
			);
			path = Networking;
			sourceTree = "<group>";
		};
/* End PBXGroup section */

/* Begin PBXNativeTarget section */
		49F4EBA124F87C0700642350 /* Promises-Demo */ = {
			isa = PBXNativeTarget;
			buildConfigurationList = 49F4EBB624F87C0A00642350 /* Build configuration list for PBXNativeTarget "Promises-Demo" */;
			buildPhases = (
				23DD808C8FDA320B0757C852 /* [CP] Check Pods Manifest.lock */,
				49F4EB9E24F87C0700642350 /* Sources */,
				49F4EB9F24F87C0700642350 /* Frameworks */,
				49F4EBA024F87C0700642350 /* Resources */,
				D379083B39B64410C8250FE1 /* [CP] Embed Pods Frameworks */,
			);
			buildRules = (
			);
			dependencies = (
			);
			name = "Promises-Demo";
			productName = "Promises-Demo";
			productReference = 49F4EBA224F87C0700642350 /* Promises-Demo.app */;
			productType = "com.apple.product-type.application";
		};
/* End PBXNativeTarget section */

/* Begin PBXProject section */
		49F4EB9A24F87C0700642350 /* Project object */ = {
			isa = PBXProject;
			attributes = {
				LastSwiftUpdateCheck = 1150;
				LastUpgradeCheck = 1150;
				ORGANIZATIONNAME = Andrew;
				TargetAttributes = {
					49F4EBA124F87C0700642350 = {
						CreatedOnToolsVersion = 11.5;
					};
				};
			};
			buildConfigurationList = 49F4EB9D24F87C0700642350 /* Build configuration list for PBXProject "Promises-Demo" */;
			compatibilityVersion = "Xcode 9.3";
			developmentRegion = en;
			hasScannedForEncodings = 0;
			knownRegions = (
				en,
				Base,
			);
			mainGroup = 49F4EB9924F87C0700642350;
			productRefGroup = 49F4EBA324F87C0700642350 /* Products */;
			projectDirPath = "";
			projectRoot = "";
			targets = (
				49F4EBA124F87C0700642350 /* Promises-Demo */,
			);
		};
/* End PBXProject section */

/* Begin PBXResourcesBuildPhase section */
		49F4EBA024F87C0700642350 /* Resources */ = {
			isa = PBXResourcesBuildPhase;
			buildActionMask = 2147483647;
			files = (
				49443F1B2520CA9E00D00A85 /* 2.png in Resources */,
				49F4EBC224F87D2300642350 /* Main.storyboard in Resources */,
				49F4EBB224F87C0A00642350 /* LaunchScreen.storyboard in Resources */,
				49F4EBAF24F87C0A00642350 /* Assets.xcassets in Resources */,
				49443F1D2520CA9E00D00A85 /* 3.png in Resources */,
				49443F1C2520CA9E00D00A85 /* 1.png in Resources */,
			);
			runOnlyForDeploymentPostprocessing = 0;
		};
/* End PBXResourcesBuildPhase section */

/* Begin PBXShellScriptBuildPhase section */
		23DD808C8FDA320B0757C852 /* [CP] Check Pods Manifest.lock */ = {
			isa = PBXShellScriptBuildPhase;
			buildActionMask = 2147483647;
			files = (
			);
			inputFileListPaths = (
			);
			inputPaths = (
				"${PODS_PODFILE_DIR_PATH}/Podfile.lock",
				"${PODS_ROOT}/Manifest.lock",
			);
			name = "[CP] Check Pods Manifest.lock";
			outputFileListPaths = (
			);
			outputPaths = (
				"$(DERIVED_FILE_DIR)/Pods-Promises-Demo-checkManifestLockResult.txt",
			);
			runOnlyForDeploymentPostprocessing = 0;
			shellPath = /bin/sh;
			shellScript = "diff \"${PODS_PODFILE_DIR_PATH}/Podfile.lock\" \"${PODS_ROOT}/Manifest.lock\" > /dev/null\nif [ $? != 0 ] ; then\n    # print error to STDERR\n    echo \"error: The sandbox is not in sync with the Podfile.lock. Run 'pod install' or update your CocoaPods installation.\" >&2\n    exit 1\nfi\n# This output is used by Xcode 'outputs' to avoid re-running this script phase.\necho \"SUCCESS\" > \"${SCRIPT_OUTPUT_FILE_0}\"\n";
			showEnvVarsInLog = 0;
		};
		D379083B39B64410C8250FE1 /* [CP] Embed Pods Frameworks */ = {
			isa = PBXShellScriptBuildPhase;
			buildActionMask = 2147483647;
			files = (
			);
			inputFileListPaths = (
				"${PODS_ROOT}/Target Support Files/Pods-Promises-Demo/Pods-Promises-Demo-frameworks-${CONFIGURATION}-input-files.xcfilelist",
			);
			name = "[CP] Embed Pods Frameworks";
			outputFileListPaths = (
				"${PODS_ROOT}/Target Support Files/Pods-Promises-Demo/Pods-Promises-Demo-frameworks-${CONFIGURATION}-output-files.xcfilelist",
			);
			runOnlyForDeploymentPostprocessing = 0;
			shellPath = /bin/sh;
			shellScript = "\"${PODS_ROOT}/Target Support Files/Pods-Promises-Demo/Pods-Promises-Demo-frameworks.sh\"\n";
			showEnvVarsInLog = 0;
		};
/* End PBXShellScriptBuildPhase section */

/* Begin PBXSourcesBuildPhase section */
		49F4EB9E24F87C0700642350 /* Sources */ = {
			isa = PBXSourcesBuildPhase;
			buildActionMask = 2147483647;
			files = (
				49F4EBBD24F87C1D00642350 /* TodosModel.swift in Sources */,
				49850D9F24FABA9B007BF042 /* ParallelPromises.swift in Sources */,
				49F4EBBC24F87C1D00642350 /* CountriesModel.swift in Sources */,
				49F4EBC024F87C2900642350 /* NetworkRequests.swift in Sources */,
				49850DA124FABAC1007BF042 /* ChainingPromises.swift in Sources */,
				49F4EBAA24F87C0700642350 /* SinglePromise.swift in Sources */,
				49F4EBA624F87C0700642350 /* AppDelegate.swift in Sources */,
				49F4EBA824F87C0700642350 /* SceneDelegate.swift in Sources */,
			);
			runOnlyForDeploymentPostprocessing = 0;
		};
/* End PBXSourcesBuildPhase section */

/* Begin PBXVariantGroup section */
		49F4EBB024F87C0A00642350 /* LaunchScreen.storyboard */ = {
			isa = PBXVariantGroup;
			children = (
				49F4EBB124F87C0A00642350 /* Base */,
			);
			name = LaunchScreen.storyboard;
			sourceTree = "<group>";
		};
/* End PBXVariantGroup section */

/* Begin XCBuildConfiguration section */
		49F4EBB424F87C0A00642350 /* Debug */ = {
			isa = XCBuildConfiguration;
			buildSettings = {
				ALWAYS_SEARCH_USER_PATHS = NO;
				CLANG_ANALYZER_NONNULL = YES;
				CLANG_ANALYZER_NUMBER_OBJECT_CONVERSION = YES_AGGRESSIVE;
				CLANG_CXX_LANGUAGE_STANDARD = "gnu++14";
				CLANG_CXX_LIBRARY = "libc++";
				CLANG_ENABLE_MODULES = YES;
				CLANG_ENABLE_OBJC_ARC = YES;
				CLANG_ENABLE_OBJC_WEAK = YES;
				CLANG_WARN_BLOCK_CAPTURE_AUTORELEASING = YES;
				CLANG_WARN_BOOL_CONVERSION = YES;
				CLANG_WARN_COMMA = YES;
				CLANG_WARN_CONSTANT_CONVERSION = YES;
				CLANG_WARN_DEPRECATED_OBJC_IMPLEMENTATIONS = YES;
				CLANG_WARN_DIRECT_OBJC_ISA_USAGE = YES_ERROR;
				CLANG_WARN_DOCUMENTATION_COMMENTS = YES;
				CLANG_WARN_EMPTY_BODY = YES;
				CLANG_WARN_ENUM_CONVERSION = YES;
				CLANG_WARN_INFINITE_RECURSION = YES;
				CLANG_WARN_INT_CONVERSION = YES;
				CLANG_WARN_NON_LITERAL_NULL_CONVERSION = YES;
				CLANG_WARN_OBJC_IMPLICIT_RETAIN_SELF = YES;
				CLANG_WARN_OBJC_LITERAL_CONVERSION = YES;
				CLANG_WARN_OBJC_ROOT_CLASS = YES_ERROR;
				CLANG_WARN_RANGE_LOOP_ANALYSIS = YES;
				CLANG_WARN_STRICT_PROTOTYPES = YES;
				CLANG_WARN_SUSPICIOUS_MOVE = YES;
				CLANG_WARN_UNGUARDED_AVAILABILITY = YES_AGGRESSIVE;
				CLANG_WARN_UNREACHABLE_CODE = YES;
				CLANG_WARN__DUPLICATE_METHOD_MATCH = YES;
				COPY_PHASE_STRIP = NO;
				DEBUG_INFORMATION_FORMAT = dwarf;
				ENABLE_STRICT_OBJC_MSGSEND = YES;
				ENABLE_TESTABILITY = YES;
				GCC_C_LANGUAGE_STANDARD = gnu11;
				GCC_DYNAMIC_NO_PIC = NO;
				GCC_NO_COMMON_BLOCKS = YES;
				GCC_OPTIMIZATION_LEVEL = 0;
				GCC_PREPROCESSOR_DEFINITIONS = (
					"DEBUG=1",
					"$(inherited)",
				);
				GCC_WARN_64_TO_32_BIT_CONVERSION = YES;
				GCC_WARN_ABOUT_RETURN_TYPE = YES_ERROR;
				GCC_WARN_UNDECLARED_SELECTOR = YES;
				GCC_WARN_UNINITIALIZED_AUTOS = YES_AGGRESSIVE;
				GCC_WARN_UNUSED_FUNCTION = YES;
				GCC_WARN_UNUSED_VARIABLE = YES;
				IPHONEOS_DEPLOYMENT_TARGET = 13.5;
				MTL_ENABLE_DEBUG_INFO = INCLUDE_SOURCE;
				MTL_FAST_MATH = YES;
				ONLY_ACTIVE_ARCH = YES;
				SDKROOT = iphoneos;
				SWIFT_ACTIVE_COMPILATION_CONDITIONS = DEBUG;
				SWIFT_OPTIMIZATION_LEVEL = "-Onone";
			};
			name = Debug;
		};
		49F4EBB524F87C0A00642350 /* Release */ = {
			isa = XCBuildConfiguration;
			buildSettings = {
				ALWAYS_SEARCH_USER_PATHS = NO;
				CLANG_ANALYZER_NONNULL = YES;
				CLANG_ANALYZER_NUMBER_OBJECT_CONVERSION = YES_AGGRESSIVE;
				CLANG_CXX_LANGUAGE_STANDARD = "gnu++14";
				CLANG_CXX_LIBRARY = "libc++";
				CLANG_ENABLE_MODULES = YES;
				CLANG_ENABLE_OBJC_ARC = YES;
				CLANG_ENABLE_OBJC_WEAK = YES;
				CLANG_WARN_BLOCK_CAPTURE_AUTORELEASING = YES;
				CLANG_WARN_BOOL_CONVERSION = YES;
				CLANG_WARN_COMMA = YES;
				CLANG_WARN_CONSTANT_CONVERSION = YES;
				CLANG_WARN_DEPRECATED_OBJC_IMPLEMENTATIONS = YES;
				CLANG_WARN_DIRECT_OBJC_ISA_USAGE = YES_ERROR;
				CLANG_WARN_DOCUMENTATION_COMMENTS = YES;
				CLANG_WARN_EMPTY_BODY = YES;
				CLANG_WARN_ENUM_CONVERSION = YES;
				CLANG_WARN_INFINITE_RECURSION = YES;
				CLANG_WARN_INT_CONVERSION = YES;
				CLANG_WARN_NON_LITERAL_NULL_CONVERSION = YES;
				CLANG_WARN_OBJC_IMPLICIT_RETAIN_SELF = YES;
				CLANG_WARN_OBJC_LITERAL_CONVERSION = YES;
				CLANG_WARN_OBJC_ROOT_CLASS = YES_ERROR;
				CLANG_WARN_RANGE_LOOP_ANALYSIS = YES;
				CLANG_WARN_STRICT_PROTOTYPES = YES;
				CLANG_WARN_SUSPICIOUS_MOVE = YES;
				CLANG_WARN_UNGUARDED_AVAILABILITY = YES_AGGRESSIVE;
				CLANG_WARN_UNREACHABLE_CODE = YES;
				CLANG_WARN__DUPLICATE_METHOD_MATCH = YES;
				COPY_PHASE_STRIP = NO;
				DEBUG_INFORMATION_FORMAT = "dwarf-with-dsym";
				ENABLE_NS_ASSERTIONS = NO;
				ENABLE_STRICT_OBJC_MSGSEND = YES;
				GCC_C_LANGUAGE_STANDARD = gnu11;
				GCC_NO_COMMON_BLOCKS = YES;
				GCC_WARN_64_TO_32_BIT_CONVERSION = YES;
				GCC_WARN_ABOUT_RETURN_TYPE = YES_ERROR;
				GCC_WARN_UNDECLARED_SELECTOR = YES;
				GCC_WARN_UNINITIALIZED_AUTOS = YES_AGGRESSIVE;
				GCC_WARN_UNUSED_FUNCTION = YES;
				GCC_WARN_UNUSED_VARIABLE = YES;
				IPHONEOS_DEPLOYMENT_TARGET = 13.5;
				MTL_ENABLE_DEBUG_INFO = NO;
				MTL_FAST_MATH = YES;
				SDKROOT = iphoneos;
				SWIFT_COMPILATION_MODE = wholemodule;
				SWIFT_OPTIMIZATION_LEVEL = "-O";
				VALIDATE_PRODUCT = YES;
			};
			name = Release;
		};
		49F4EBB724F87C0A00642350 /* Debug */ = {
			isa = XCBuildConfiguration;
			baseConfigurationReference = 1C8FEE927F1F4C5FD99966D0 /* Pods-Promises-Demo.debug.xcconfig */;
			buildSettings = {
				ASSETCATALOG_COMPILER_APPICON_NAME = AppIcon;
				CODE_SIGN_STYLE = Automatic;
				DEVELOPMENT_TEAM = K8CQRWZD84;
				INFOPLIST_FILE = "Promises-Demo/Info.plist";
				LD_RUNPATH_SEARCH_PATHS = (
					"$(inherited)",
					"@executable_path/Frameworks",
				);
				PRODUCT_BUNDLE_IDENTIFIER = "com.AF.Promises-Demo";
				PRODUCT_NAME = "$(TARGET_NAME)";
				SWIFT_VERSION = 5.0;
				TARGETED_DEVICE_FAMILY = "1,2";
			};
			name = Debug;
		};
		49F4EBB824F87C0A00642350 /* Release */ = {
			isa = XCBuildConfiguration;
			baseConfigurationReference = B97932EF748627FCDD1722A5 /* Pods-Promises-Demo.release.xcconfig */;
			buildSettings = {
				ASSETCATALOG_COMPILER_APPICON_NAME = AppIcon;
				CODE_SIGN_STYLE = Automatic;
				DEVELOPMENT_TEAM = K8CQRWZD84;
				INFOPLIST_FILE = "Promises-Demo/Info.plist";
				LD_RUNPATH_SEARCH_PATHS = (
					"$(inherited)",
					"@executable_path/Frameworks",
				);
				PRODUCT_BUNDLE_IDENTIFIER = "com.AF.Promises-Demo";
				PRODUCT_NAME = "$(TARGET_NAME)";
				SWIFT_VERSION = 5.0;
				TARGETED_DEVICE_FAMILY = "1,2";
			};
			name = Release;
		};
/* End XCBuildConfiguration section */

/* Begin XCConfigurationList section */
		49F4EB9D24F87C0700642350 /* Build configuration list for PBXProject "Promises-Demo" */ = {
			isa = XCConfigurationList;
			buildConfigurations = (
				49F4EBB424F87C0A00642350 /* Debug */,
				49F4EBB524F87C0A00642350 /* Release */,
			);
			defaultConfigurationIsVisible = 0;
			defaultConfigurationName = Release;
		};
		49F4EBB624F87C0A00642350 /* Build configuration list for PBXNativeTarget "Promises-Demo" */ = {
			isa = XCConfigurationList;
			buildConfigurations = (
				49F4EBB724F87C0A00642350 /* Debug */,
				49F4EBB824F87C0A00642350 /* Release */,
			);
			defaultConfigurationIsVisible = 0;
			defaultConfigurationName = Release;
		};
/* End XCConfigurationList section */
	};
	rootObject = 49F4EB9A24F87C0700642350 /* Project object */;
}
